
Microsoft Visual Studio Solution File, Format Version 12.00
# Visual Studio Version 17
VisualStudioVersion = 17.3.32922.545
MinimumVisualStudioVersion = 10.0.40219.1
Project("{9A19103F-16F7-4668-BE54-9A1E7A4F7556}") = "firstConsole", "firstConsole\firstConsole.csproj", "{F7809DA8-0C4F-453A-B1DD-9DC32CE9E3DC}"
EndProject
Project("{FAE04EC0-301F-11D3-BF4B-00C04F79EFBC}") = "ReadData", "ReadData\ReadData.csproj", "{BDED7EC3-3A92-442F-9E06-C050923EFD96}"
EndProject
Project("{9A19103F-16F7-4668-BE54-9A1E7A4F7556}") = "ReadDataaa2", "ReadDataaa2\ReadDataaa2.csproj", "{A87340D4-C53C-4B4B-AEEB-80104B4A4380}"
EndProject
Project("{9A19103F-16F7-4668-BE54-9A1E7A4F7556}") = "ReadDataLab", "ReadDataLab\ReadDataLab.csproj", "{F7D62E8D-3988-4756-A06D-AE8B8DB24271}"
EndProject
Project("{9A19103F-16F7-4668-BE54-9A1E7A4F7556}") = "hataYonetimi", "hataYonetimi\hataYonetimi.csproj", "{24261992-7479-485C-93C7-B5DAEB8B57E2}"
EndProject
Project("{9A19103F-16F7-4668-BE54-9A1E7A4F7556}") = "KararYapilari", "KararYapilari\KararYapilari.csproj", "{F1EB9E42-8307-44D1-87F8-DBE469081CFB}"
EndProject
Project("{9A19103F-16F7-4668-BE54-9A1E7A4F7556}") = "diziler", "diziler\diziler.csproj", "{34996E78-627E-4EDC-AD75-34FBCB306426}"
EndProject
Project("{9A19103F-16F7-4668-BE54-9A1E7A4F7556}") = "Donguler", "Donguler\Donguler.csproj", "{E0907D83-2475-44B8-9422-B93C0CF7E5C9}"
EndProject
Project("{FAE04EC0-301F-11D3-BF4B-00C04F79EFBC}") = "ArrayFunctions", "ArrayFunctions\ArrayFunctions.csproj", "{592C8591-281F-496A-9972-0C64DF320BE0}"
EndProject
Project("{FAE04EC0-301F-11D3-BF4B-00C04F79EFBC}") = "ArrayList", "ArrayList\ArrayList.csproj", "{8FD7E872-EE02-4AB1-AB9E-EE39F42768A2}"
EndProject
Project("{FAE04EC0-301F-11D3-BF4B-00C04F79EFBC}") = "Listeler", "Listeler\Listeler.csproj", "{94B6F094-C157-4A1F-ABD5-43F750714BC2}"
EndProject
Project("{FAE04EC0-301F-11D3-BF4B-00C04F79EFBC}") = "listelerLab", "listelerLab\listelerLab.csproj", "{A628DDF5-70CD-4C37-AF87-995D3A69727D}"
EndProject
Global
	GlobalSection(SolutionConfigurationPlatforms) = preSolution
		Debug|Any CPU = Debug|Any CPU
		Release|Any CPU = Release|Any CPU
	EndGlobalSection
	GlobalSection(ProjectConfigurationPlatforms) = postSolution
		{F7809DA8-0C4F-453A-B1DD-9DC32CE9E3DC}.Debug|Any CPU.ActiveCfg = Debug|Any CPU
		{F7809DA8-0C4F-453A-B1DD-9DC32CE9E3DC}.Debug|Any CPU.Build.0 = Debug|Any CPU
		{F7809DA8-0C4F-453A-B1DD-9DC32CE9E3DC}.Release|Any CPU.ActiveCfg = Release|Any CPU
		{F7809DA8-0C4F-453A-B1DD-9DC32CE9E3DC}.Release|Any CPU.Build.0 = Release|Any CPU
		{BDED7EC3-3A92-442F-9E06-C050923EFD96}.Debug|Any CPU.ActiveCfg = Debug|Any CPU
		{BDED7EC3-3A92-442F-9E06-C050923EFD96}.Debug|Any CPU.Build.0 = Debug|Any CPU
		{BDED7EC3-3A92-442F-9E06-C050923EFD96}.Release|Any CPU.ActiveCfg = Release|Any CPU
		{BDED7EC3-3A92-442F-9E06-C050923EFD96}.Release|Any CPU.Build.0 = Release|Any CPU
		{A87340D4-C53C-4B4B-AEEB-80104B4A4380}.Debug|Any CPU.ActiveCfg = Debug|Any CPU
		{A87340D4-C53C-4B4B-AEEB-80104B4A4380}.Debug|Any CPU.Build.0 = Debug|Any CPU
		{A87340D4-C53C-4B4B-AEEB-80104B4A4380}.Release|Any CPU.ActiveCfg = Release|Any CPU
		{A87340D4-C53C-4B4B-AEEB-80104B4A4380}.Release|Any CPU.Build.0 = Release|Any CPU
		{F7D62E8D-3988-4756-A06D-AE8B8DB24271}.Debug|Any CPU.ActiveCfg = Debug|Any CPU
		{F7D62E8D-3988-4756-A06D-AE8B8DB24271}.Debug|Any CPU.Build.0 = Debug|Any CPU
		{F7D62E8D-3988-4756-A06D-AE8B8DB24271}.Release|Any CPU.ActiveCfg = Release|Any CPU
		{F7D62E8D-3988-4756-A06D-AE8B8DB24271}.Release|Any CPU.Build.0 = Release|Any CPU
		{24261992-7479-485C-93C7-B5DAEB8B57E2}.Debug|Any CPU.ActiveCfg = Debug|Any CPU
		{24261992-7479-485C-93C7-B5DAEB8B57E2}.Debug|Any CPU.Build.0 = Debug|Any CPU
		{24261992-7479-485C-93C7-B5DAEB8B57E2}.Release|Any CPU.ActiveCfg = Release|Any CPU
		{24261992-7479-485C-93C7-B5DAEB8B57E2}.Release|Any CPU.Build.0 = Release|Any CPU
		{F1EB9E42-8307-44D1-87F8-DBE469081CFB}.Debug|Any CPU.ActiveCfg = Debug|Any CPU
		{F1EB9E42-8307-44D1-87F8-DBE469081CFB}.Debug|Any CPU.Build.0 = Debug|Any CPU
		{F1EB9E42-8307-44D1-87F8-DBE469081CFB}.Release|Any CPU.ActiveCfg = Release|Any CPU
		{F1EB9E42-8307-44D1-87F8-DBE469081CFB}.Release|Any CPU.Build.0 = Release|Any CPU
		{34996E78-627E-4EDC-AD75-34FBCB306426}.Debug|Any CPU.ActiveCfg = Debug|Any CPU
		{34996E78-627E-4EDC-AD75-34FBCB306426}.Debug|Any CPU.Build.0 = Debug|Any CPU
		{34996E78-627E-4EDC-AD75-34FBCB306426}.Release|Any CPU.ActiveCfg = Release|Any CPU
		{34996E78-627E-4EDC-AD75-34FBCB306426}.Release|Any CPU.Build.0 = Release|Any CPU
		{E0907D83-2475-44B8-9422-B93C0CF7E5C9}.Debug|Any CPU.ActiveCfg = Debug|Any CPU
		{E0907D83-2475-44B8-9422-B93C0CF7E5C9}.Debug|Any CPU.Build.0 = Debug|Any CPU
		{E0907D83-2475-44B8-9422-B93C0CF7E5C9}.Release|Any CPU.ActiveCfg = Release|Any CPU
		{E0907D83-2475-44B8-9422-B93C0CF7E5C9}.Release|Any CPU.Build.0 = Release|Any CPU
		{592C8591-281F-496A-9972-0C64DF320BE0}.Debug|Any CPU.ActiveCfg = Debug|Any CPU
		{592C8591-281F-496A-9972-0C64DF320BE0}.Debug|Any CPU.Build.0 = Debug|Any CPU
		{592C8591-281F-496A-9972-0C64DF320BE0}.Release|Any CPU.ActiveCfg = Release|Any CPU
		{592C8591-281F-496A-9972-0C64DF320BE0}.Release|Any CPU.Build.0 = Release|Any CPU
		{8FD7E872-EE02-4AB1-AB9E-EE39F42768A2}.Debug|Any CPU.ActiveCfg = Debug|Any CPU
		{8FD7E872-EE02-4AB1-AB9E-EE39F42768A2}.Debug|Any CPU.Build.0 = Debug|Any CPU
		{8FD7E872-EE02-4AB1-AB9E-EE39F42768A2}.Release|Any CPU.ActiveCfg = Release|Any CPU
		{8FD7E872-EE02-4AB1-AB9E-EE39F42768A2}.Release|Any CPU.Build.0 = Release|Any CPU
		{94B6F094-C157-4A1F-ABD5-43F750714BC2}.Debug|Any CPU.ActiveCfg = Debug|Any CPU
		{94B6F094-C157-4A1F-ABD5-43F750714BC2}.Debug|Any CPU.Build.0 = Debug|Any CPU
		{94B6F094-C157-4A1F-ABD5-43F750714BC2}.Release|Any CPU.ActiveCfg = Release|Any CPU
		{94B6F094-C157-4A1F-ABD5-43F750714BC2}.Release|Any CPU.Build.0 = Release|Any CPU
		{A628DDF5-70CD-4C37-AF87-995D3A69727D}.Debug|Any CPU.ActiveCfg = Debug|Any CPU
		{A628DDF5-70CD-4C37-AF87-995D3A69727D}.Debug|Any CPU.Build.0 = Debug|Any CPU
		{A628DDF5-70CD-4C37-AF87-995D3A69727D}.Release|Any CPU.ActiveCfg = Release|Any CPU
		{A628DDF5-70CD-4C37-AF87-995D3A69727D}.Release|Any CPU.Build.0 = Release|Any CPU
	EndGlobalSection
	GlobalSection(SolutionProperties) = preSolution
		HideSolutionNode = FALSE
	EndGlobalSection
	GlobalSection(ExtensibilityGlobals) = postSolution
		SolutionGuid = {CC731FB3-7888-46CF-A2C3-5E6F5F1980C2}
	EndGlobalSection
EndGlobal
