
Microsoft Visual Studio Solution File, Format Version 12.00
# Visual Studio Version 17
VisualStudioVersion = 17.3.32922.545
MinimumVisualStudioVersion = 10.0.40219.1
Project("{9A19103F-16F7-4668-BE54-9A1E7A4F7556}") = "firstConsole", "firstConsole\firstConsole.csproj", "{F7809DA8-0C4F-453A-B1DD-9DC32CE9E3DC}"
EndProject
Project("{FAE04EC0-301F-11D3-BF4B-00C04F79EFBC}") = "ReadData", "ReadData\ReadData.csproj", "{BDED7EC3-3A92-442F-9E06-C050923EFD96}"
EndProject
Project("{9A19103F-16F7-4668-BE54-9A1E7A4F7556}") = "ReadDataaa2", "ReadDataaa2\ReadDataaa2.csproj", "{A87340D4-C53C-4B4B-AEEB-80104B4A4380}"
EndProject
Project("{9A19103F-16F7-4668-BE54-9A1E7A4F7556}") = "ReadDataLab", "ReadDataLab\ReadDataLab.csproj", "{F7D62E8D-3988-4756-A06D-AE8B8DB24271}"
EndProject
Project("{9A19103F-16F7-4668-BE54-9A1E7A4F7556}") = "hataYonetimi", "hataYonetimi\hataYonetimi.csproj", "{24261992-7479-485C-93C7-B5DAEB8B57E2}"
EndProject
Project("{9A19103F-16F7-4668-BE54-9A1E7A4F7556}") = "KararYapilari", "KararYapilari\KararYapilari.csproj", "{F1EB9E42-8307-44D1-87F8-DBE469081CFB}"
EndProject
Project("{9A19103F-16F7-4668-BE54-9A1E7A4F7556}") = "diziler", "diziler\diziler.csproj", "{34996E78-627E-4EDC-AD75-34FBCB306426}"
EndProject
Project("{9A19103F-16F7-4668-BE54-9A1E7A4F7556}") = "Donguler", "Donguler\Donguler.csproj", "{E0907D83-2475-44B8-9422-B93C0CF7E5C9}"
EndProject
Project("{9A19103F-16F7-4668-BE54-9A1E7A4F7556}") = "ArrayFunctions", "ArrayFunctions\ArrayFunctions.csproj", "{592C8591-281F-496A-9972-0C64DF320BE0}"
EndProject
Project("{9A19103F-16F7-4668-BE54-9A1E7A4F7556}") = "ArrayList", "ArrayList\ArrayList.csproj", "{8FD7E872-EE02-4AB1-AB9E-EE39F42768A2}"
EndProject
Project("{9A19103F-16F7-4668-BE54-9A1E7A4F7556}") = "Listeler", "Listeler\Listeler.csproj", "{94B6F094-C157-4A1F-ABD5-43F750714BC2}"
EndProject
Project("{9A19103F-16F7-4668-BE54-9A1E7A4F7556}") = "listelerLab", "listelerLab\listelerLab.csproj", "{A628DDF5-70CD-4C37-AF87-995D3A69727D}"
EndProject
Project("{9A19103F-16F7-4668-BE54-9A1E7A4F7556}") = "ornek", "ornek\ornek.csproj", "{A2A96AEE-D536-4D19-8A74-2149E7CA0DB8}"
EndProject
Project("{9A19103F-16F7-4668-BE54-9A1E7A4F7556}") = "Metodlar", "Metodlar\Metodlar.csproj", "{D56DB37E-25E4-45D0-B3EE-419786710896}"
EndProject
Project("{9A19103F-16F7-4668-BE54-9A1E7A4F7556}") = "Metod_OutRef", "Metod_OutRef\Metod_OutRef.csproj", "{166AA0AC-291A-4F70-AB9E-935999E630B1}"
EndProject
Project("{9A19103F-16F7-4668-BE54-9A1E7A4F7556}") = "Const", "const\Const.csproj", "{B666B323-CE88-40ED-B13C-507B7E1C81DD}"
EndProject
Project("{9A19103F-16F7-4668-BE54-9A1E7A4F7556}") = "Kutuphane", "Kutuphane\Kutuphane.csproj", "{3B54D9FB-506E-4BA8-B120-C97354975F21}"
EndProject
Project("{9A19103F-16F7-4668-BE54-9A1E7A4F7556}") = "Nuget_Ornegi", "Nuget_Ornegi\Nuget_Ornegi.csproj", "{473656BC-D363-4B85-A5E5-C0FCC048B8E8}"
EndProject
Project("{9A19103F-16F7-4668-BE54-9A1E7A4F7556}") = "HazirMetodlar", "HazirMetodlar\HazirMetodlar.csproj", "{30DE77FA-25CD-429B-A5ED-1B8A54E976BC}"
EndProject
Project("{9A19103F-16F7-4668-BE54-9A1E7A4F7556}") = "HazirMetodlar_lab", "HazirMetodlar_lab\HazirMetodlar_lab.csproj", "{A115C18D-F63C-4CAB-9CB9-353218C58B68}"
EndProject
Project("{9A19103F-16F7-4668-BE54-9A1E7A4F7556}") = "SystemID", "SystemID\SystemID.csproj", "{FA92AB1C-D1A4-42AF-8B7D-80B90A4F9900}"
EndProject
Project("{9A19103F-16F7-4668-BE54-9A1E7A4F7556}") = "RuntimeController", "RuntimeController\RuntimeController.csproj", "{B290D5C5-4B13-4E08-BFBD-4CB131EF2766}"
EndProject
Project("{FAE04EC0-301F-11D3-BF4B-00C04F79EFBC}") = "systemIOLab", "systemIOLab\systemIOLab.csproj", "{C23E790A-1A47-47DE-BA2B-4AF74678A669}"
EndProject
Project("{FAE04EC0-301F-11D3-BF4B-00C04F79EFBC}") = "MDIFormlar", "AnaForm\MDIFormlar.csproj", "{10EB0CD0-11AC-47D4-89B3-EDF0E6652471}"
EndProject
Global
	GlobalSection(SolutionConfigurationPlatforms) = preSolution
		Debug|Any CPU = Debug|Any CPU
		Release|Any CPU = Release|Any CPU
	EndGlobalSection
	GlobalSection(ProjectConfigurationPlatforms) = postSolution
		{F7809DA8-0C4F-453A-B1DD-9DC32CE9E3DC}.Debug|Any CPU.ActiveCfg = Debug|Any CPU
		{F7809DA8-0C4F-453A-B1DD-9DC32CE9E3DC}.Debug|Any CPU.Build.0 = Debug|Any CPU
		{F7809DA8-0C4F-453A-B1DD-9DC32CE9E3DC}.Release|Any CPU.ActiveCfg = Release|Any CPU
		{F7809DA8-0C4F-453A-B1DD-9DC32CE9E3DC}.Release|Any CPU.Build.0 = Release|Any CPU
		{BDED7EC3-3A92-442F-9E06-C050923EFD96}.Debug|Any CPU.ActiveCfg = Debug|Any CPU
		{BDED7EC3-3A92-442F-9E06-C050923EFD96}.Debug|Any CPU.Build.0 = Debug|Any CPU
		{BDED7EC3-3A92-442F-9E06-C050923EFD96}.Release|Any CPU.ActiveCfg = Release|Any CPU
		{BDED7EC3-3A92-442F-9E06-C050923EFD96}.Release|Any CPU.Build.0 = Release|Any CPU
		{A87340D4-C53C-4B4B-AEEB-80104B4A4380}.Debug|Any CPU.ActiveCfg = Debug|Any CPU
		{A87340D4-C53C-4B4B-AEEB-80104B4A4380}.Debug|Any CPU.Build.0 = Debug|Any CPU
		{A87340D4-C53C-4B4B-AEEB-80104B4A4380}.Release|Any CPU.ActiveCfg = Release|Any CPU
		{A87340D4-C53C-4B4B-AEEB-80104B4A4380}.Release|Any CPU.Build.0 = Release|Any CPU
		{F7D62E8D-3988-4756-A06D-AE8B8DB24271}.Debug|Any CPU.ActiveCfg = Debug|Any CPU
		{F7D62E8D-3988-4756-A06D-AE8B8DB24271}.Debug|Any CPU.Build.0 = Debug|Any CPU
		{F7D62E8D-3988-4756-A06D-AE8B8DB24271}.Release|Any CPU.ActiveCfg = Release|Any CPU
		{F7D62E8D-3988-4756-A06D-AE8B8DB24271}.Release|Any CPU.Build.0 = Release|Any CPU
		{24261992-7479-485C-93C7-B5DAEB8B57E2}.Debug|Any CPU.ActiveCfg = Debug|Any CPU
		{24261992-7479-485C-93C7-B5DAEB8B57E2}.Debug|Any CPU.Build.0 = Debug|Any CPU
		{24261992-7479-485C-93C7-B5DAEB8B57E2}.Release|Any CPU.ActiveCfg = Release|Any CPU
		{24261992-7479-485C-93C7-B5DAEB8B57E2}.Release|Any CPU.Build.0 = Release|Any CPU
		{F1EB9E42-8307-44D1-87F8-DBE469081CFB}.Debug|Any CPU.ActiveCfg = Debug|Any CPU
		{F1EB9E42-8307-44D1-87F8-DBE469081CFB}.Debug|Any CPU.Build.0 = Debug|Any CPU
		{F1EB9E42-8307-44D1-87F8-DBE469081CFB}.Release|Any CPU.ActiveCfg = Release|Any CPU
		{F1EB9E42-8307-44D1-87F8-DBE469081CFB}.Release|Any CPU.Build.0 = Release|Any CPU
		{34996E78-627E-4EDC-AD75-34FBCB306426}.Debug|Any CPU.ActiveCfg = Debug|Any CPU
		{34996E78-627E-4EDC-AD75-34FBCB306426}.Debug|Any CPU.Build.0 = Debug|Any CPU
		{34996E78-627E-4EDC-AD75-34FBCB306426}.Release|Any CPU.ActiveCfg = Release|Any CPU
		{34996E78-627E-4EDC-AD75-34FBCB306426}.Release|Any CPU.Build.0 = Release|Any CPU
		{E0907D83-2475-44B8-9422-B93C0CF7E5C9}.Debug|Any CPU.ActiveCfg = Debug|Any CPU
		{E0907D83-2475-44B8-9422-B93C0CF7E5C9}.Debug|Any CPU.Build.0 = Debug|Any CPU
		{E0907D83-2475-44B8-9422-B93C0CF7E5C9}.Release|Any CPU.ActiveCfg = Release|Any CPU
		{E0907D83-2475-44B8-9422-B93C0CF7E5C9}.Release|Any CPU.Build.0 = Release|Any CPU
		{592C8591-281F-496A-9972-0C64DF320BE0}.Debug|Any CPU.ActiveCfg = Debug|Any CPU
		{592C8591-281F-496A-9972-0C64DF320BE0}.Debug|Any CPU.Build.0 = Debug|Any CPU
		{592C8591-281F-496A-9972-0C64DF320BE0}.Release|Any CPU.ActiveCfg = Release|Any CPU
		{592C8591-281F-496A-9972-0C64DF320BE0}.Release|Any CPU.Build.0 = Release|Any CPU
		{8FD7E872-EE02-4AB1-AB9E-EE39F42768A2}.Debug|Any CPU.ActiveCfg = Debug|Any CPU
		{8FD7E872-EE02-4AB1-AB9E-EE39F42768A2}.Debug|Any CPU.Build.0 = Debug|Any CPU
		{8FD7E872-EE02-4AB1-AB9E-EE39F42768A2}.Release|Any CPU.ActiveCfg = Release|Any CPU
		{8FD7E872-EE02-4AB1-AB9E-EE39F42768A2}.Release|Any CPU.Build.0 = Release|Any CPU
		{94B6F094-C157-4A1F-ABD5-43F750714BC2}.Debug|Any CPU.ActiveCfg = Debug|Any CPU
		{94B6F094-C157-4A1F-ABD5-43F750714BC2}.Debug|Any CPU.Build.0 = Debug|Any CPU
		{94B6F094-C157-4A1F-ABD5-43F750714BC2}.Release|Any CPU.ActiveCfg = Release|Any CPU
		{94B6F094-C157-4A1F-ABD5-43F750714BC2}.Release|Any CPU.Build.0 = Release|Any CPU
		{A628DDF5-70CD-4C37-AF87-995D3A69727D}.Debug|Any CPU.ActiveCfg = Debug|Any CPU
		{A628DDF5-70CD-4C37-AF87-995D3A69727D}.Debug|Any CPU.Build.0 = Debug|Any CPU
		{A628DDF5-70CD-4C37-AF87-995D3A69727D}.Release|Any CPU.ActiveCfg = Release|Any CPU
		{A628DDF5-70CD-4C37-AF87-995D3A69727D}.Release|Any CPU.Build.0 = Release|Any CPU
		{A2A96AEE-D536-4D19-8A74-2149E7CA0DB8}.Debug|Any CPU.ActiveCfg = Debug|Any CPU
		{A2A96AEE-D536-4D19-8A74-2149E7CA0DB8}.Debug|Any CPU.Build.0 = Debug|Any CPU
		{A2A96AEE-D536-4D19-8A74-2149E7CA0DB8}.Release|Any CPU.ActiveCfg = Release|Any CPU
		{A2A96AEE-D536-4D19-8A74-2149E7CA0DB8}.Release|Any CPU.Build.0 = Release|Any CPU
		{D56DB37E-25E4-45D0-B3EE-419786710896}.Debug|Any CPU.ActiveCfg = Debug|Any CPU
		{D56DB37E-25E4-45D0-B3EE-419786710896}.Debug|Any CPU.Build.0 = Debug|Any CPU
		{D56DB37E-25E4-45D0-B3EE-419786710896}.Release|Any CPU.ActiveCfg = Release|Any CPU
		{D56DB37E-25E4-45D0-B3EE-419786710896}.Release|Any CPU.Build.0 = Release|Any CPU
		{166AA0AC-291A-4F70-AB9E-935999E630B1}.Debug|Any CPU.ActiveCfg = Debug|Any CPU
		{166AA0AC-291A-4F70-AB9E-935999E630B1}.Debug|Any CPU.Build.0 = Debug|Any CPU
		{166AA0AC-291A-4F70-AB9E-935999E630B1}.Release|Any CPU.ActiveCfg = Release|Any CPU
		{166AA0AC-291A-4F70-AB9E-935999E630B1}.Release|Any CPU.Build.0 = Release|Any CPU
		{B666B323-CE88-40ED-B13C-507B7E1C81DD}.Debug|Any CPU.ActiveCfg = Debug|Any CPU
		{B666B323-CE88-40ED-B13C-507B7E1C81DD}.Debug|Any CPU.Build.0 = Debug|Any CPU
		{B666B323-CE88-40ED-B13C-507B7E1C81DD}.Release|Any CPU.ActiveCfg = Release|Any CPU
		{B666B323-CE88-40ED-B13C-507B7E1C81DD}.Release|Any CPU.Build.0 = Release|Any CPU
		{3B54D9FB-506E-4BA8-B120-C97354975F21}.Debug|Any CPU.ActiveCfg = Debug|Any CPU
		{3B54D9FB-506E-4BA8-B120-C97354975F21}.Debug|Any CPU.Build.0 = Debug|Any CPU
		{3B54D9FB-506E-4BA8-B120-C97354975F21}.Release|Any CPU.ActiveCfg = Release|Any CPU
		{3B54D9FB-506E-4BA8-B120-C97354975F21}.Release|Any CPU.Build.0 = Release|Any CPU
		{473656BC-D363-4B85-A5E5-C0FCC048B8E8}.Debug|Any CPU.ActiveCfg = Debug|Any CPU
		{473656BC-D363-4B85-A5E5-C0FCC048B8E8}.Debug|Any CPU.Build.0 = Debug|Any CPU
		{473656BC-D363-4B85-A5E5-C0FCC048B8E8}.Release|Any CPU.ActiveCfg = Release|Any CPU
		{473656BC-D363-4B85-A5E5-C0FCC048B8E8}.Release|Any CPU.Build.0 = Release|Any CPU
		{30DE77FA-25CD-429B-A5ED-1B8A54E976BC}.Debug|Any CPU.ActiveCfg = Debug|Any CPU
		{30DE77FA-25CD-429B-A5ED-1B8A54E976BC}.Debug|Any CPU.Build.0 = Debug|Any CPU
		{30DE77FA-25CD-429B-A5ED-1B8A54E976BC}.Release|Any CPU.ActiveCfg = Release|Any CPU
		{30DE77FA-25CD-429B-A5ED-1B8A54E976BC}.Release|Any CPU.Build.0 = Release|Any CPU
		{A115C18D-F63C-4CAB-9CB9-353218C58B68}.Debug|Any CPU.ActiveCfg = Debug|Any CPU
		{A115C18D-F63C-4CAB-9CB9-353218C58B68}.Debug|Any CPU.Build.0 = Debug|Any CPU
		{A115C18D-F63C-4CAB-9CB9-353218C58B68}.Release|Any CPU.ActiveCfg = Release|Any CPU
		{A115C18D-F63C-4CAB-9CB9-353218C58B68}.Release|Any CPU.Build.0 = Release|Any CPU
		{FA92AB1C-D1A4-42AF-8B7D-80B90A4F9900}.Debug|Any CPU.ActiveCfg = Debug|Any CPU
		{FA92AB1C-D1A4-42AF-8B7D-80B90A4F9900}.Debug|Any CPU.Build.0 = Debug|Any CPU
		{FA92AB1C-D1A4-42AF-8B7D-80B90A4F9900}.Release|Any CPU.ActiveCfg = Release|Any CPU
		{FA92AB1C-D1A4-42AF-8B7D-80B90A4F9900}.Release|Any CPU.Build.0 = Release|Any CPU
		{B290D5C5-4B13-4E08-BFBD-4CB131EF2766}.Debug|Any CPU.ActiveCfg = Debug|Any CPU
		{B290D5C5-4B13-4E08-BFBD-4CB131EF2766}.Debug|Any CPU.Build.0 = Debug|Any CPU
		{B290D5C5-4B13-4E08-BFBD-4CB131EF2766}.Release|Any CPU.ActiveCfg = Release|Any CPU
		{B290D5C5-4B13-4E08-BFBD-4CB131EF2766}.Release|Any CPU.Build.0 = Release|Any CPU
		{C23E790A-1A47-47DE-BA2B-4AF74678A669}.Debug|Any CPU.ActiveCfg = Debug|Any CPU
		{C23E790A-1A47-47DE-BA2B-4AF74678A669}.Debug|Any CPU.Build.0 = Debug|Any CPU
		{C23E790A-1A47-47DE-BA2B-4AF74678A669}.Release|Any CPU.ActiveCfg = Release|Any CPU
		{C23E790A-1A47-47DE-BA2B-4AF74678A669}.Release|Any CPU.Build.0 = Release|Any CPU
		{10EB0CD0-11AC-47D4-89B3-EDF0E6652471}.Debug|Any CPU.ActiveCfg = Debug|Any CPU
		{10EB0CD0-11AC-47D4-89B3-EDF0E6652471}.Debug|Any CPU.Build.0 = Debug|Any CPU
		{10EB0CD0-11AC-47D4-89B3-EDF0E6652471}.Release|Any CPU.ActiveCfg = Release|Any CPU
		{10EB0CD0-11AC-47D4-89B3-EDF0E6652471}.Release|Any CPU.Build.0 = Release|Any CPU
	EndGlobalSection
	GlobalSection(SolutionProperties) = preSolution
		HideSolutionNode = FALSE
	EndGlobalSection
	GlobalSection(ExtensibilityGlobals) = postSolution
		SolutionGuid = {CC731FB3-7888-46CF-A2C3-5E6F5F1980C2}
	EndGlobalSection
EndGlobal
